{
  "originHash" : "fb054fca4a7b274bb3957e062ac36be57bc5cd21a8fb8943de8edad312fca9ff",
  "pins" : [
    {
      "identity" : "kingfisher",
      "kind" : "remoteSourceControl",
      "location" : "https://github.com/onevcat/Kingfisher",
      "state" : {
        "revision" : "af4be924ad984cf4d16f4ae4df424e79a443d435",
        "version" : "7.6.2"
      }
    },
    {
      "identity" : "mailcover",
      "kind" : "remoteSourceControl",
      "location" : "https://github.com/TopScrech/MailCover",
      "state" : {
        "branch" : "main",
        "revision" : "29f4e2a45338335e393ef671b185def38f4c9b9f"
      }
    },
    {
      "identity" : "safaricover",
      "kind" : "remoteSourceControl",
      "location" : "https://github.com/TopScrech/SafariCover",
      "state" : {
        "branch" : "main",
        "revision" : "0a5cf4d1a91e5151608bdba892d64ae9c501b37f"
      }
    },
    {
      "identity" : "screchkit",
      "kind" : "remoteSourceControl",
      "location" : "https://github.com/TopScrech/ScrechKit",
      "state" : {
        "branch" : "main",
        "revision" : "98e9ff5d9cc163d3567607e26a2fc44426a2ac2b"
      }
    },
    {
      "identity" : "waterfallgrid",
      "kind" : "remoteSourceControl",
      "location" : "https://github.com/paololeonardi/WaterfallGrid",
      "state" : {
        "branch" : "master",
        "revision" : "85eeaa9efda928a218c430a8807256b9a56d4905"
      }
    }
  ],
  "version" : 3
}
