{
  "pins" : [
    {
      "identity" : "kingfisher",
      "kind" : "remoteSourceControl",
      "location" : "https://github.com/onevcat/Kingfisher",
      "state" : {
        "revision" : "af4be924ad984cf4d16f4ae4df424e79a443d435",
        "version" : "7.6.2"
      }
    },
    {
      "identity" : "mailcover",
      "kind" : "remoteSourceControl",
      "location" : "https://github.com/TopScrech/MailCover",
      "state" : {
        "branch" : "main",
        "revision" : "532dbe2c626b94029b5bbae42d713530106c52f4"
      }
    },
    {
      "identity" : "safaricover",
      "kind" : "remoteSourceControl",
      "location" : "https://github.com/TopScrech/SafariCover",
      "state" : {
        "branch" : "main",
        "revision" : "e330eebdfa580df6bfe050662c4825cf5e92cd21"
      }
    },
    {
      "identity" : "screchkit",
      "kind" : "remoteSourceControl",
      "location" : "https://github.com/TopScrech/ScrechKit",
      "state" : {
        "branch" : "main",
        "revision" : "93ddbff9d4074987493c2996ada75328bc0a913a"
      }
    },
    {
      "identity" : "waterfallgrid",
      "kind" : "remoteSourceControl",
      "location" : "https://github.com/paololeonardi/WaterfallGrid",
      "state" : {
        "branch" : "master",
        "revision" : "85eeaa9efda928a218c430a8807256b9a56d4905"
      }
    }
  ],
  "version" : 2
}
